
Microsoft Visual Studio Solution File, Format Version 12.00
# Visual Studio Version 17
VisualStudioVersion = 17.10.34928.147
MinimumVisualStudioVersion = 10.0.40219.1
Project("{8BC9CEB8-8B4A-11D0-8D11-00A0C91BC942}") = "CodingRef", "CodingRef\CodingRef.vcxproj", "{56F85883-36D1-4B62-9C25-CAF1943B4FC9}"
EndProject
Project("{2150E333-8FDC-42A3-9474-1A3956D46DE8}") = "DataStruct", "DataStruct", "{C5BC661C-0075-4CA8-9BE2-BB6E2A2ABC92}"
EndProject
Project("{8BC9CEB8-8B4A-11D0-8D11-00A0C91BC942}") = "DoubleLinkedList", "DoubleLinkedList\DoubleLinkedList.vcxproj", "{E84D829E-5ED8-4878-9A65-B242211766CA}"
EndProject
Project("{8BC9CEB8-8B4A-11D0-8D11-00A0C91BC942}") = "Array", "Array\Array.vcxproj", "{9FD18DCF-E1BF-4538-8E29-9DB87DC43861}"
EndProject
Project("{2150E333-8FDC-42A3-9474-1A3956D46DE8}") = "프로그래머스", "프로그래머스", "{00FF77C7-8AA2-474A-8821-E5D5C4858BBC}"
EndProject
Project("{2150E333-8FDC-42A3-9474-1A3956D46DE8}") = "Lv1", "Lv1", "{5451D602-6891-4541-AD57-7BD59A9EA6C1}"
EndProject
Project("{8BC9CEB8-8B4A-11D0-8D11-00A0C91BC942}") = "Programmers_42748", "CodingTest\Programmers\Programmers_42748\Programmers_42748.vcxproj", "{1DD13D5D-C912-42F9-A8F3-4BB42AB4DDB5}"
EndProject
Project("{2150E333-8FDC-42A3-9474-1A3956D46DE8}") = "Coding", "Coding", "{6EFFA39A-05FE-4D40-A796-BF7F6F2132E1}"
EndProject
Project("{2150E333-8FDC-42A3-9474-1A3956D46DE8}") = "BJ", "BJ", "{C4DF016C-C3BF-4738-8CD8-55E7DC1745CE}"
EndProject
Project("{8BC9CEB8-8B4A-11D0-8D11-00A0C91BC942}") = "Programmers_155652", "CodingTest\Programmers\Programmers_155652\Programmers_155652.vcxproj", "{4BB72FC5-201B-4B9E-B95D-5E1AD8A435BF}"
EndProject
Project("{8BC9CEB8-8B4A-11D0-8D11-00A0C91BC942}") = "Programmers_136798", "CodingTest\Programmers\Programmers_136798\Programmers_136798.vcxproj", "{C886D980-6DBC-4B4D-B567-A6C853ED3BA9}"
EndProject
Project("{8BC9CEB8-8B4A-11D0-8D11-00A0C91BC942}") = "Programmers_131128", "CodingTest\Programmers\Programmers_131128\Programmers_131128.vcxproj", "{73BAAED5-E332-47E7-99FD-EDDBC2F77007}"
EndProject
Project("{8BC9CEB8-8B4A-11D0-8D11-00A0C91BC942}") = "Practice_OS_Exception", "Practice_OS_Exception\Practice_OS_Exception.vcxproj", "{07A2C5F2-1217-4AE3-AD95-682414020B4E}"
EndProject
Project("{8BC9CEB8-8B4A-11D0-8D11-00A0C91BC942}") = "Programmers_12977", "CodingTest\Programmers\Programmers_12977\Programmers_12977.vcxproj", "{CF73649E-9C64-4DBF-86E3-08CA94571D9C}"
EndProject
Project("{8BC9CEB8-8B4A-11D0-8D11-00A0C91BC942}") = "Practice_SpreadSheet", "Practice\Practice_SpreadSheet\Practice_SpreadSheet.vcxproj", "{A8C5FCD4-A552-44EB-8F7E-2AE2919CEA9F}"
EndProject
Project("{8BC9CEB8-8B4A-11D0-8D11-00A0C91BC942}") = "BJ_17478", "CodingTest\BackJ\BJ_17478\BJ_17478.vcxproj", "{340F3012-0077-4233-BA27-7EF416DD5BED}"
EndProject
Project("{8BC9CEB8-8B4A-11D0-8D11-00A0C91BC942}") = "BJ_15649", "CodingTest\BackJ\BJ_15649\BJ_15649.vcxproj", "{38555DA7-59C9-4D4B-B8CD-CD76DCE13008}"
EndProject
Project("{8BC9CEB8-8B4A-11D0-8D11-00A0C91BC942}") = "Programmers_92334", "CodingTest\Programmers\Programmers_92334\Programmers_92334.vcxproj", "{7D93A4A9-6439-484A-BE72-337A390BF5BD}"
EndProject
Project("{2150E333-8FDC-42A3-9474-1A3956D46DE8}") = "CPlusPlus", "CPlusPlus", "{5BF00369-5BBC-4A9F-8497-D00E3DECAAE6}"
EndProject
Project("{2150E333-8FDC-42A3-9474-1A3956D46DE8}") = "OS", "OS", "{5CE44020-1D1F-4450-AF1B-72902E8CF4F5}"
EndProject
Project("{8BC9CEB8-8B4A-11D0-8D11-00A0C91BC942}") = "Pratice_IPC_Overlapped_IO", "OS\Pratice_IPC_Overlapped_IO\Pratice_IPC_Overlapped_IO.vcxproj", "{79932E2E-780E-47FC-98C7-06A307260B17}"
EndProject
Project("{8BC9CEB8-8B4A-11D0-8D11-00A0C91BC942}") = "Practice_IPC_CompletionRutine_IO", "OS\Practice_IPC_CompletionRutine_IO\Practice_IPC_CompletionRutine_IO.vcxproj", "{75B055A5-5B3A-4DFB-A4BF-F81704C41A1E}"
EndProject
Project("{8BC9CEB8-8B4A-11D0-8D11-00A0C91BC942}") = "Practice_APCQueue", "OS\Practice_APCQueue\Practice_APCQueue.vcxproj", "{10753690-7ACD-4DC5-94DC-9C06B3B6E3A2}"
EndProject
Project("{8BC9CEB8-8B4A-11D0-8D11-00A0C91BC942}") = "Practice_VirtualMemory", "OS\Practice_VirtualMemory\Practice_VirtualMemory.vcxproj", "{FC0FA0FC-5D8B-4DA7-B86C-DA40809CADAF}"
EndProject
Project("{8BC9CEB8-8B4A-11D0-8D11-00A0C91BC942}") = "Practice_DynamicArrayDesign", "OS\Practice_DynamicArrayDesign\Practice_DynamicArrayDesign.vcxproj", "{B0124D01-9042-472D-811B-78393B2C1231}"
EndProject
Project("{8BC9CEB8-8B4A-11D0-8D11-00A0C91BC942}") = "CPP_InteritClass", "CPlusPlus\CPP_InteritClass\CPP_InteritClass.vcxproj", "{FACCF449-D0AB-4643-8F99-87DE1A45A058}"
EndProject
Project("{8BC9CEB8-8B4A-11D0-8D11-00A0C91BC942}") = "Practice_Heap_AllocAndFree", "OS\Practice_Heap_AllocAndFree\Practice_Heap_AllocAndFree.vcxproj", "{8D54CFF3-9242-4681-8F5E-9CA54A0ECEBB}"
EndProject
Project("{8BC9CEB8-8B4A-11D0-8D11-00A0C91BC942}") = "Programmers_133502", "OS\Programmers_133502\Programmers_133502.vcxproj", "{F3226C41-BE11-47AB-90DC-DBBA87990172}"
EndProject
Project("{8BC9CEB8-8B4A-11D0-8D11-00A0C91BC942}") = "Programmers_138477", "CodingTest\Programmers\Programmers_138477\Programmers_138477.vcxproj", "{51E720CC-E020-49B0-A22F-8CBA33CB6E23}"
EndProject
Project("{8BC9CEB8-8B4A-11D0-8D11-00A0C91BC942}") = "Programmers_12912", "CodingTest\Programmers\Programmers_12912\Programmers_12912.vcxproj", "{054299DB-365A-49EE-B402-D916950DF1D1}"
EndProject
Project("{8BC9CEB8-8B4A-11D0-8D11-00A0C91BC942}") = "Programmers_178871", "CodingTest\Programmers\Programmers_178871\Programmers_178871.vcxproj", "{772D20B4-FD28-488C-90FF-50A70822C6A0}"
EndProject
Project("{8BC9CEB8-8B4A-11D0-8D11-00A0C91BC942}") = "Programmers_181921", "CodingTest\Programmers\Programmers_181921\Programmers_181921.vcxproj", "{30993528-080A-4554-8CCB-E801DAF251CE}"
EndProject
Project("{2150E333-8FDC-42A3-9474-1A3956D46DE8}") = "Lv2", "Lv2", "{18BA1245-5DEB-42CB-8E58-F6BFFFCFB3B3}"
EndProject
Project("{8BC9CEB8-8B4A-11D0-8D11-00A0C91BC942}") = "Programmers_178870", "CodingTest\Programmers\Programmers_178870\Programmers_178870.vcxproj", "{132AB245-1933-482B-836F-EC89C5C70D17}"
EndProject
Project("{2150E333-8FDC-42A3-9474-1A3956D46DE8}") = "ChangeFlag", "ChangeFlag", "{A9193060-277D-462C-938F-1DD4E3B2F126}"
	ProjectSection(SolutionItems) = preProject
		Flag.txt = Flag.txt
	EndProjectSection
EndProject
Project("{8BC9CEB8-8B4A-11D0-8D11-00A0C91BC942}") = "Practice_WeatherPrediction", "Practice\Practice_WeatherPrediction\Practice_WeatherPrediction.vcxproj", "{BB7503BE-082A-44A5-8978-3F006482475B}"
EndProject
Project("{8BC9CEB8-8B4A-11D0-8D11-00A0C91BC942}") = "BJ_1182", "CodingTest\BackJ\BJ_1182\BJ_1182.vcxproj", "{40D1BD04-2CB4-4946-AA04-EFAAE947DC9E}"
EndProject
Project("{8BC9CEB8-8B4A-11D0-8D11-00A0C91BC942}") = "Programmers_132267", "CodingTest\Programmers\Programmers_132267\Programmers_132267.vcxproj", "{71065F2D-437D-4B77-9F64-AC364BC55EE1}"
EndProject
Project("{8BC9CEB8-8B4A-11D0-8D11-00A0C91BC942}") = "Programmers_42576", "CodingTest\Programmers\Programmers_42576\Programmers_42576.vcxproj", "{6DAF2B9F-ADDA-48F9-B49C-54807B910128}"
EndProject
Project("{8BC9CEB8-8B4A-11D0-8D11-00A0C91BC942}") = "Programmers_12943", "CodingTest\Programmers\Programmers_12943\Programmers_12943.vcxproj", "{6F404839-6663-4BAB-B686-D2F571A74BF2}"
EndProject
Project("{8BC9CEB8-8B4A-11D0-8D11-00A0C91BC942}") = "Programmers_12922", "CodingTest\Programmers\Programmers_12922\Programmers_12922.vcxproj", "{F44214FC-682E-4CFD-9A3A-84638172BF33}"
EndProject
Project("{8BC9CEB8-8B4A-11D0-8D11-00A0C91BC942}") = "Programmers_154540", "CodingTest\Programmers\Programmers_154540\Programmers_154540.vcxproj", "{E362FA84-F233-4336-99B5-CDA0545D541C}"
EndProject
Global
	GlobalSection(SolutionConfigurationPlatforms) = preSolution
		Debug|x64 = Debug|x64
		Debug|x86 = Debug|x86
		Release|x64 = Release|x64
		Release|x86 = Release|x86
	EndGlobalSection
	GlobalSection(ProjectConfigurationPlatforms) = postSolution
		{56F85883-36D1-4B62-9C25-CAF1943B4FC9}.Debug|x64.ActiveCfg = Debug|x64
		{56F85883-36D1-4B62-9C25-CAF1943B4FC9}.Debug|x64.Build.0 = Debug|x64
		{56F85883-36D1-4B62-9C25-CAF1943B4FC9}.Debug|x86.ActiveCfg = Debug|Win32
		{56F85883-36D1-4B62-9C25-CAF1943B4FC9}.Debug|x86.Build.0 = Debug|Win32
		{56F85883-36D1-4B62-9C25-CAF1943B4FC9}.Release|x64.ActiveCfg = Release|x64
		{56F85883-36D1-4B62-9C25-CAF1943B4FC9}.Release|x64.Build.0 = Release|x64
		{56F85883-36D1-4B62-9C25-CAF1943B4FC9}.Release|x86.ActiveCfg = Release|Win32
		{56F85883-36D1-4B62-9C25-CAF1943B4FC9}.Release|x86.Build.0 = Release|Win32
		{E84D829E-5ED8-4878-9A65-B242211766CA}.Debug|x64.ActiveCfg = Debug|x64
		{E84D829E-5ED8-4878-9A65-B242211766CA}.Debug|x64.Build.0 = Debug|x64
		{E84D829E-5ED8-4878-9A65-B242211766CA}.Debug|x86.ActiveCfg = Debug|Win32
		{E84D829E-5ED8-4878-9A65-B242211766CA}.Debug|x86.Build.0 = Debug|Win32
		{E84D829E-5ED8-4878-9A65-B242211766CA}.Release|x64.ActiveCfg = Release|x64
		{E84D829E-5ED8-4878-9A65-B242211766CA}.Release|x64.Build.0 = Release|x64
		{E84D829E-5ED8-4878-9A65-B242211766CA}.Release|x86.ActiveCfg = Release|Win32
		{E84D829E-5ED8-4878-9A65-B242211766CA}.Release|x86.Build.0 = Release|Win32
		{9FD18DCF-E1BF-4538-8E29-9DB87DC43861}.Debug|x64.ActiveCfg = Debug|x64
		{9FD18DCF-E1BF-4538-8E29-9DB87DC43861}.Debug|x64.Build.0 = Debug|x64
		{9FD18DCF-E1BF-4538-8E29-9DB87DC43861}.Debug|x86.ActiveCfg = Debug|Win32
		{9FD18DCF-E1BF-4538-8E29-9DB87DC43861}.Debug|x86.Build.0 = Debug|Win32
		{9FD18DCF-E1BF-4538-8E29-9DB87DC43861}.Release|x64.ActiveCfg = Release|x64
		{9FD18DCF-E1BF-4538-8E29-9DB87DC43861}.Release|x64.Build.0 = Release|x64
		{9FD18DCF-E1BF-4538-8E29-9DB87DC43861}.Release|x86.ActiveCfg = Release|Win32
		{9FD18DCF-E1BF-4538-8E29-9DB87DC43861}.Release|x86.Build.0 = Release|Win32
		{1DD13D5D-C912-42F9-A8F3-4BB42AB4DDB5}.Debug|x64.ActiveCfg = Debug|x64
		{1DD13D5D-C912-42F9-A8F3-4BB42AB4DDB5}.Debug|x64.Build.0 = Debug|x64
		{1DD13D5D-C912-42F9-A8F3-4BB42AB4DDB5}.Debug|x86.ActiveCfg = Debug|Win32
		{1DD13D5D-C912-42F9-A8F3-4BB42AB4DDB5}.Debug|x86.Build.0 = Debug|Win32
		{1DD13D5D-C912-42F9-A8F3-4BB42AB4DDB5}.Release|x64.ActiveCfg = Release|x64
		{1DD13D5D-C912-42F9-A8F3-4BB42AB4DDB5}.Release|x64.Build.0 = Release|x64
		{1DD13D5D-C912-42F9-A8F3-4BB42AB4DDB5}.Release|x86.ActiveCfg = Release|Win32
		{1DD13D5D-C912-42F9-A8F3-4BB42AB4DDB5}.Release|x86.Build.0 = Release|Win32
		{4BB72FC5-201B-4B9E-B95D-5E1AD8A435BF}.Debug|x64.ActiveCfg = Debug|x64
		{4BB72FC5-201B-4B9E-B95D-5E1AD8A435BF}.Debug|x64.Build.0 = Debug|x64
		{4BB72FC5-201B-4B9E-B95D-5E1AD8A435BF}.Debug|x86.ActiveCfg = Debug|Win32
		{4BB72FC5-201B-4B9E-B95D-5E1AD8A435BF}.Debug|x86.Build.0 = Debug|Win32
		{4BB72FC5-201B-4B9E-B95D-5E1AD8A435BF}.Release|x64.ActiveCfg = Release|x64
		{4BB72FC5-201B-4B9E-B95D-5E1AD8A435BF}.Release|x64.Build.0 = Release|x64
		{4BB72FC5-201B-4B9E-B95D-5E1AD8A435BF}.Release|x86.ActiveCfg = Release|Win32
		{4BB72FC5-201B-4B9E-B95D-5E1AD8A435BF}.Release|x86.Build.0 = Release|Win32
		{C886D980-6DBC-4B4D-B567-A6C853ED3BA9}.Debug|x64.ActiveCfg = Debug|x64
		{C886D980-6DBC-4B4D-B567-A6C853ED3BA9}.Debug|x64.Build.0 = Debug|x64
		{C886D980-6DBC-4B4D-B567-A6C853ED3BA9}.Debug|x86.ActiveCfg = Debug|Win32
		{C886D980-6DBC-4B4D-B567-A6C853ED3BA9}.Debug|x86.Build.0 = Debug|Win32
		{C886D980-6DBC-4B4D-B567-A6C853ED3BA9}.Release|x64.ActiveCfg = Release|x64
		{C886D980-6DBC-4B4D-B567-A6C853ED3BA9}.Release|x64.Build.0 = Release|x64
		{C886D980-6DBC-4B4D-B567-A6C853ED3BA9}.Release|x86.ActiveCfg = Release|Win32
		{C886D980-6DBC-4B4D-B567-A6C853ED3BA9}.Release|x86.Build.0 = Release|Win32
		{73BAAED5-E332-47E7-99FD-EDDBC2F77007}.Debug|x64.ActiveCfg = Debug|x64
		{73BAAED5-E332-47E7-99FD-EDDBC2F77007}.Debug|x64.Build.0 = Debug|x64
		{73BAAED5-E332-47E7-99FD-EDDBC2F77007}.Debug|x86.ActiveCfg = Debug|Win32
		{73BAAED5-E332-47E7-99FD-EDDBC2F77007}.Debug|x86.Build.0 = Debug|Win32
		{73BAAED5-E332-47E7-99FD-EDDBC2F77007}.Release|x64.ActiveCfg = Release|x64
		{73BAAED5-E332-47E7-99FD-EDDBC2F77007}.Release|x64.Build.0 = Release|x64
		{73BAAED5-E332-47E7-99FD-EDDBC2F77007}.Release|x86.ActiveCfg = Release|Win32
		{73BAAED5-E332-47E7-99FD-EDDBC2F77007}.Release|x86.Build.0 = Release|Win32
		{07A2C5F2-1217-4AE3-AD95-682414020B4E}.Debug|x64.ActiveCfg = Debug|x64
		{07A2C5F2-1217-4AE3-AD95-682414020B4E}.Debug|x64.Build.0 = Debug|x64
		{07A2C5F2-1217-4AE3-AD95-682414020B4E}.Debug|x86.ActiveCfg = Debug|Win32
		{07A2C5F2-1217-4AE3-AD95-682414020B4E}.Debug|x86.Build.0 = Debug|Win32
		{07A2C5F2-1217-4AE3-AD95-682414020B4E}.Release|x64.ActiveCfg = Release|x64
		{07A2C5F2-1217-4AE3-AD95-682414020B4E}.Release|x64.Build.0 = Release|x64
		{07A2C5F2-1217-4AE3-AD95-682414020B4E}.Release|x86.ActiveCfg = Release|Win32
		{07A2C5F2-1217-4AE3-AD95-682414020B4E}.Release|x86.Build.0 = Release|Win32
		{CF73649E-9C64-4DBF-86E3-08CA94571D9C}.Debug|x64.ActiveCfg = Debug|x64
		{CF73649E-9C64-4DBF-86E3-08CA94571D9C}.Debug|x64.Build.0 = Debug|x64
		{CF73649E-9C64-4DBF-86E3-08CA94571D9C}.Debug|x86.ActiveCfg = Debug|Win32
		{CF73649E-9C64-4DBF-86E3-08CA94571D9C}.Debug|x86.Build.0 = Debug|Win32
		{CF73649E-9C64-4DBF-86E3-08CA94571D9C}.Release|x64.ActiveCfg = Release|x64
		{CF73649E-9C64-4DBF-86E3-08CA94571D9C}.Release|x64.Build.0 = Release|x64
		{CF73649E-9C64-4DBF-86E3-08CA94571D9C}.Release|x86.ActiveCfg = Release|Win32
		{CF73649E-9C64-4DBF-86E3-08CA94571D9C}.Release|x86.Build.0 = Release|Win32
		{A8C5FCD4-A552-44EB-8F7E-2AE2919CEA9F}.Debug|x64.ActiveCfg = Debug|x64
		{A8C5FCD4-A552-44EB-8F7E-2AE2919CEA9F}.Debug|x64.Build.0 = Debug|x64
		{A8C5FCD4-A552-44EB-8F7E-2AE2919CEA9F}.Debug|x86.ActiveCfg = Debug|Win32
		{A8C5FCD4-A552-44EB-8F7E-2AE2919CEA9F}.Debug|x86.Build.0 = Debug|Win32
		{A8C5FCD4-A552-44EB-8F7E-2AE2919CEA9F}.Release|x64.ActiveCfg = Release|x64
		{A8C5FCD4-A552-44EB-8F7E-2AE2919CEA9F}.Release|x64.Build.0 = Release|x64
		{A8C5FCD4-A552-44EB-8F7E-2AE2919CEA9F}.Release|x86.ActiveCfg = Release|Win32
		{A8C5FCD4-A552-44EB-8F7E-2AE2919CEA9F}.Release|x86.Build.0 = Release|Win32
		{340F3012-0077-4233-BA27-7EF416DD5BED}.Debug|x64.ActiveCfg = Debug|x64
		{340F3012-0077-4233-BA27-7EF416DD5BED}.Debug|x64.Build.0 = Debug|x64
		{340F3012-0077-4233-BA27-7EF416DD5BED}.Debug|x86.ActiveCfg = Debug|Win32
		{340F3012-0077-4233-BA27-7EF416DD5BED}.Debug|x86.Build.0 = Debug|Win32
		{340F3012-0077-4233-BA27-7EF416DD5BED}.Release|x64.ActiveCfg = Release|x64
		{340F3012-0077-4233-BA27-7EF416DD5BED}.Release|x64.Build.0 = Release|x64
		{340F3012-0077-4233-BA27-7EF416DD5BED}.Release|x86.ActiveCfg = Release|Win32
		{340F3012-0077-4233-BA27-7EF416DD5BED}.Release|x86.Build.0 = Release|Win32
		{38555DA7-59C9-4D4B-B8CD-CD76DCE13008}.Debug|x64.ActiveCfg = Debug|x64
		{38555DA7-59C9-4D4B-B8CD-CD76DCE13008}.Debug|x64.Build.0 = Debug|x64
		{38555DA7-59C9-4D4B-B8CD-CD76DCE13008}.Debug|x86.ActiveCfg = Debug|Win32
		{38555DA7-59C9-4D4B-B8CD-CD76DCE13008}.Debug|x86.Build.0 = Debug|Win32
		{38555DA7-59C9-4D4B-B8CD-CD76DCE13008}.Release|x64.ActiveCfg = Release|x64
		{38555DA7-59C9-4D4B-B8CD-CD76DCE13008}.Release|x64.Build.0 = Release|x64
		{38555DA7-59C9-4D4B-B8CD-CD76DCE13008}.Release|x86.ActiveCfg = Release|Win32
		{38555DA7-59C9-4D4B-B8CD-CD76DCE13008}.Release|x86.Build.0 = Release|Win32
		{7D93A4A9-6439-484A-BE72-337A390BF5BD}.Debug|x64.ActiveCfg = Debug|x64
		{7D93A4A9-6439-484A-BE72-337A390BF5BD}.Debug|x64.Build.0 = Debug|x64
		{7D93A4A9-6439-484A-BE72-337A390BF5BD}.Debug|x86.ActiveCfg = Debug|Win32
		{7D93A4A9-6439-484A-BE72-337A390BF5BD}.Debug|x86.Build.0 = Debug|Win32
		{7D93A4A9-6439-484A-BE72-337A390BF5BD}.Release|x64.ActiveCfg = Release|x64
		{7D93A4A9-6439-484A-BE72-337A390BF5BD}.Release|x64.Build.0 = Release|x64
		{7D93A4A9-6439-484A-BE72-337A390BF5BD}.Release|x86.ActiveCfg = Release|Win32
		{7D93A4A9-6439-484A-BE72-337A390BF5BD}.Release|x86.Build.0 = Release|Win32
		{79932E2E-780E-47FC-98C7-06A307260B17}.Debug|x64.ActiveCfg = Debug|x64
		{79932E2E-780E-47FC-98C7-06A307260B17}.Debug|x64.Build.0 = Debug|x64
		{79932E2E-780E-47FC-98C7-06A307260B17}.Debug|x86.ActiveCfg = Debug|Win32
		{79932E2E-780E-47FC-98C7-06A307260B17}.Debug|x86.Build.0 = Debug|Win32
		{79932E2E-780E-47FC-98C7-06A307260B17}.Release|x64.ActiveCfg = Release|x64
		{79932E2E-780E-47FC-98C7-06A307260B17}.Release|x64.Build.0 = Release|x64
		{79932E2E-780E-47FC-98C7-06A307260B17}.Release|x86.ActiveCfg = Release|Win32
		{79932E2E-780E-47FC-98C7-06A307260B17}.Release|x86.Build.0 = Release|Win32
		{75B055A5-5B3A-4DFB-A4BF-F81704C41A1E}.Debug|x64.ActiveCfg = Debug|x64
		{75B055A5-5B3A-4DFB-A4BF-F81704C41A1E}.Debug|x64.Build.0 = Debug|x64
		{75B055A5-5B3A-4DFB-A4BF-F81704C41A1E}.Debug|x86.ActiveCfg = Debug|Win32
		{75B055A5-5B3A-4DFB-A4BF-F81704C41A1E}.Debug|x86.Build.0 = Debug|Win32
		{75B055A5-5B3A-4DFB-A4BF-F81704C41A1E}.Release|x64.ActiveCfg = Release|x64
		{75B055A5-5B3A-4DFB-A4BF-F81704C41A1E}.Release|x64.Build.0 = Release|x64
		{75B055A5-5B3A-4DFB-A4BF-F81704C41A1E}.Release|x86.ActiveCfg = Release|Win32
		{75B055A5-5B3A-4DFB-A4BF-F81704C41A1E}.Release|x86.Build.0 = Release|Win32
		{10753690-7ACD-4DC5-94DC-9C06B3B6E3A2}.Debug|x64.ActiveCfg = Debug|x64
		{10753690-7ACD-4DC5-94DC-9C06B3B6E3A2}.Debug|x64.Build.0 = Debug|x64
		{10753690-7ACD-4DC5-94DC-9C06B3B6E3A2}.Debug|x86.ActiveCfg = Debug|Win32
		{10753690-7ACD-4DC5-94DC-9C06B3B6E3A2}.Debug|x86.Build.0 = Debug|Win32
		{10753690-7ACD-4DC5-94DC-9C06B3B6E3A2}.Release|x64.ActiveCfg = Release|x64
		{10753690-7ACD-4DC5-94DC-9C06B3B6E3A2}.Release|x64.Build.0 = Release|x64
		{10753690-7ACD-4DC5-94DC-9C06B3B6E3A2}.Release|x86.ActiveCfg = Release|Win32
		{10753690-7ACD-4DC5-94DC-9C06B3B6E3A2}.Release|x86.Build.0 = Release|Win32
		{FC0FA0FC-5D8B-4DA7-B86C-DA40809CADAF}.Debug|x64.ActiveCfg = Debug|x64
		{FC0FA0FC-5D8B-4DA7-B86C-DA40809CADAF}.Debug|x64.Build.0 = Debug|x64
		{FC0FA0FC-5D8B-4DA7-B86C-DA40809CADAF}.Debug|x86.ActiveCfg = Debug|Win32
		{FC0FA0FC-5D8B-4DA7-B86C-DA40809CADAF}.Debug|x86.Build.0 = Debug|Win32
		{FC0FA0FC-5D8B-4DA7-B86C-DA40809CADAF}.Release|x64.ActiveCfg = Release|x64
		{FC0FA0FC-5D8B-4DA7-B86C-DA40809CADAF}.Release|x64.Build.0 = Release|x64
		{FC0FA0FC-5D8B-4DA7-B86C-DA40809CADAF}.Release|x86.ActiveCfg = Release|Win32
		{FC0FA0FC-5D8B-4DA7-B86C-DA40809CADAF}.Release|x86.Build.0 = Release|Win32
		{B0124D01-9042-472D-811B-78393B2C1231}.Debug|x64.ActiveCfg = Debug|x64
		{B0124D01-9042-472D-811B-78393B2C1231}.Debug|x64.Build.0 = Debug|x64
		{B0124D01-9042-472D-811B-78393B2C1231}.Debug|x86.ActiveCfg = Debug|Win32
		{B0124D01-9042-472D-811B-78393B2C1231}.Debug|x86.Build.0 = Debug|Win32
		{B0124D01-9042-472D-811B-78393B2C1231}.Release|x64.ActiveCfg = Release|x64
		{B0124D01-9042-472D-811B-78393B2C1231}.Release|x64.Build.0 = Release|x64
		{B0124D01-9042-472D-811B-78393B2C1231}.Release|x86.ActiveCfg = Release|Win32
		{B0124D01-9042-472D-811B-78393B2C1231}.Release|x86.Build.0 = Release|Win32
		{FACCF449-D0AB-4643-8F99-87DE1A45A058}.Debug|x64.ActiveCfg = Debug|x64
		{FACCF449-D0AB-4643-8F99-87DE1A45A058}.Debug|x64.Build.0 = Debug|x64
		{FACCF449-D0AB-4643-8F99-87DE1A45A058}.Debug|x86.ActiveCfg = Debug|Win32
		{FACCF449-D0AB-4643-8F99-87DE1A45A058}.Debug|x86.Build.0 = Debug|Win32
		{FACCF449-D0AB-4643-8F99-87DE1A45A058}.Release|x64.ActiveCfg = Release|x64
		{FACCF449-D0AB-4643-8F99-87DE1A45A058}.Release|x64.Build.0 = Release|x64
		{FACCF449-D0AB-4643-8F99-87DE1A45A058}.Release|x86.ActiveCfg = Release|Win32
		{FACCF449-D0AB-4643-8F99-87DE1A45A058}.Release|x86.Build.0 = Release|Win32
		{8D54CFF3-9242-4681-8F5E-9CA54A0ECEBB}.Debug|x64.ActiveCfg = Debug|x64
		{8D54CFF3-9242-4681-8F5E-9CA54A0ECEBB}.Debug|x64.Build.0 = Debug|x64
		{8D54CFF3-9242-4681-8F5E-9CA54A0ECEBB}.Debug|x86.ActiveCfg = Debug|Win32
		{8D54CFF3-9242-4681-8F5E-9CA54A0ECEBB}.Debug|x86.Build.0 = Debug|Win32
		{8D54CFF3-9242-4681-8F5E-9CA54A0ECEBB}.Release|x64.ActiveCfg = Release|x64
		{8D54CFF3-9242-4681-8F5E-9CA54A0ECEBB}.Release|x64.Build.0 = Release|x64
		{8D54CFF3-9242-4681-8F5E-9CA54A0ECEBB}.Release|x86.ActiveCfg = Release|Win32
		{8D54CFF3-9242-4681-8F5E-9CA54A0ECEBB}.Release|x86.Build.0 = Release|Win32
		{F3226C41-BE11-47AB-90DC-DBBA87990172}.Debug|x64.ActiveCfg = Debug|x64
		{F3226C41-BE11-47AB-90DC-DBBA87990172}.Debug|x64.Build.0 = Debug|x64
		{F3226C41-BE11-47AB-90DC-DBBA87990172}.Debug|x86.ActiveCfg = Debug|Win32
		{F3226C41-BE11-47AB-90DC-DBBA87990172}.Debug|x86.Build.0 = Debug|Win32
		{F3226C41-BE11-47AB-90DC-DBBA87990172}.Release|x64.ActiveCfg = Release|x64
		{F3226C41-BE11-47AB-90DC-DBBA87990172}.Release|x64.Build.0 = Release|x64
		{F3226C41-BE11-47AB-90DC-DBBA87990172}.Release|x86.ActiveCfg = Release|Win32
		{F3226C41-BE11-47AB-90DC-DBBA87990172}.Release|x86.Build.0 = Release|Win32
		{51E720CC-E020-49B0-A22F-8CBA33CB6E23}.Debug|x64.ActiveCfg = Debug|x64
		{51E720CC-E020-49B0-A22F-8CBA33CB6E23}.Debug|x64.Build.0 = Debug|x64
		{51E720CC-E020-49B0-A22F-8CBA33CB6E23}.Debug|x86.ActiveCfg = Debug|Win32
		{51E720CC-E020-49B0-A22F-8CBA33CB6E23}.Debug|x86.Build.0 = Debug|Win32
		{51E720CC-E020-49B0-A22F-8CBA33CB6E23}.Release|x64.ActiveCfg = Release|x64
		{51E720CC-E020-49B0-A22F-8CBA33CB6E23}.Release|x64.Build.0 = Release|x64
		{51E720CC-E020-49B0-A22F-8CBA33CB6E23}.Release|x86.ActiveCfg = Release|Win32
		{51E720CC-E020-49B0-A22F-8CBA33CB6E23}.Release|x86.Build.0 = Release|Win32
		{054299DB-365A-49EE-B402-D916950DF1D1}.Debug|x64.ActiveCfg = Debug|x64
		{054299DB-365A-49EE-B402-D916950DF1D1}.Debug|x64.Build.0 = Debug|x64
		{054299DB-365A-49EE-B402-D916950DF1D1}.Debug|x86.ActiveCfg = Debug|Win32
		{054299DB-365A-49EE-B402-D916950DF1D1}.Debug|x86.Build.0 = Debug|Win32
		{054299DB-365A-49EE-B402-D916950DF1D1}.Release|x64.ActiveCfg = Release|x64
		{054299DB-365A-49EE-B402-D916950DF1D1}.Release|x64.Build.0 = Release|x64
		{054299DB-365A-49EE-B402-D916950DF1D1}.Release|x86.ActiveCfg = Release|Win32
		{054299DB-365A-49EE-B402-D916950DF1D1}.Release|x86.Build.0 = Release|Win32
		{772D20B4-FD28-488C-90FF-50A70822C6A0}.Debug|x64.ActiveCfg = Debug|x64
		{772D20B4-FD28-488C-90FF-50A70822C6A0}.Debug|x64.Build.0 = Debug|x64
		{772D20B4-FD28-488C-90FF-50A70822C6A0}.Debug|x86.ActiveCfg = Debug|Win32
		{772D20B4-FD28-488C-90FF-50A70822C6A0}.Debug|x86.Build.0 = Debug|Win32
		{772D20B4-FD28-488C-90FF-50A70822C6A0}.Release|x64.ActiveCfg = Release|x64
		{772D20B4-FD28-488C-90FF-50A70822C6A0}.Release|x64.Build.0 = Release|x64
		{772D20B4-FD28-488C-90FF-50A70822C6A0}.Release|x86.ActiveCfg = Release|Win32
		{772D20B4-FD28-488C-90FF-50A70822C6A0}.Release|x86.Build.0 = Release|Win32
		{30993528-080A-4554-8CCB-E801DAF251CE}.Debug|x64.ActiveCfg = Debug|x64
		{30993528-080A-4554-8CCB-E801DAF251CE}.Debug|x64.Build.0 = Debug|x64
		{30993528-080A-4554-8CCB-E801DAF251CE}.Debug|x86.ActiveCfg = Debug|Win32
		{30993528-080A-4554-8CCB-E801DAF251CE}.Debug|x86.Build.0 = Debug|Win32
		{30993528-080A-4554-8CCB-E801DAF251CE}.Release|x64.ActiveCfg = Release|x64
		{30993528-080A-4554-8CCB-E801DAF251CE}.Release|x64.Build.0 = Release|x64
		{30993528-080A-4554-8CCB-E801DAF251CE}.Release|x86.ActiveCfg = Release|Win32
		{30993528-080A-4554-8CCB-E801DAF251CE}.Release|x86.Build.0 = Release|Win32
		{132AB245-1933-482B-836F-EC89C5C70D17}.Debug|x64.ActiveCfg = Debug|x64
		{132AB245-1933-482B-836F-EC89C5C70D17}.Debug|x64.Build.0 = Debug|x64
		{132AB245-1933-482B-836F-EC89C5C70D17}.Debug|x86.ActiveCfg = Debug|Win32
		{132AB245-1933-482B-836F-EC89C5C70D17}.Debug|x86.Build.0 = Debug|Win32
		{132AB245-1933-482B-836F-EC89C5C70D17}.Release|x64.ActiveCfg = Release|x64
		{132AB245-1933-482B-836F-EC89C5C70D17}.Release|x64.Build.0 = Release|x64
		{132AB245-1933-482B-836F-EC89C5C70D17}.Release|x86.ActiveCfg = Release|Win32
		{132AB245-1933-482B-836F-EC89C5C70D17}.Release|x86.Build.0 = Release|Win32
		{BB7503BE-082A-44A5-8978-3F006482475B}.Debug|x64.ActiveCfg = Debug|x64
		{BB7503BE-082A-44A5-8978-3F006482475B}.Debug|x64.Build.0 = Debug|x64
		{BB7503BE-082A-44A5-8978-3F006482475B}.Debug|x86.ActiveCfg = Debug|Win32
		{BB7503BE-082A-44A5-8978-3F006482475B}.Debug|x86.Build.0 = Debug|Win32
		{BB7503BE-082A-44A5-8978-3F006482475B}.Release|x64.ActiveCfg = Release|x64
		{BB7503BE-082A-44A5-8978-3F006482475B}.Release|x64.Build.0 = Release|x64
		{BB7503BE-082A-44A5-8978-3F006482475B}.Release|x86.ActiveCfg = Release|Win32
		{BB7503BE-082A-44A5-8978-3F006482475B}.Release|x86.Build.0 = Release|Win32
		{40D1BD04-2CB4-4946-AA04-EFAAE947DC9E}.Debug|x64.ActiveCfg = Debug|x64
		{40D1BD04-2CB4-4946-AA04-EFAAE947DC9E}.Debug|x64.Build.0 = Debug|x64
		{40D1BD04-2CB4-4946-AA04-EFAAE947DC9E}.Debug|x86.ActiveCfg = Debug|Win32
		{40D1BD04-2CB4-4946-AA04-EFAAE947DC9E}.Debug|x86.Build.0 = Debug|Win32
		{40D1BD04-2CB4-4946-AA04-EFAAE947DC9E}.Release|x64.ActiveCfg = Release|x64
		{40D1BD04-2CB4-4946-AA04-EFAAE947DC9E}.Release|x64.Build.0 = Release|x64
		{40D1BD04-2CB4-4946-AA04-EFAAE947DC9E}.Release|x86.ActiveCfg = Release|Win32
		{40D1BD04-2CB4-4946-AA04-EFAAE947DC9E}.Release|x86.Build.0 = Release|Win32
		{71065F2D-437D-4B77-9F64-AC364BC55EE1}.Debug|x64.ActiveCfg = Debug|x64
		{71065F2D-437D-4B77-9F64-AC364BC55EE1}.Debug|x64.Build.0 = Debug|x64
		{71065F2D-437D-4B77-9F64-AC364BC55EE1}.Debug|x86.ActiveCfg = Debug|Win32
		{71065F2D-437D-4B77-9F64-AC364BC55EE1}.Debug|x86.Build.0 = Debug|Win32
		{71065F2D-437D-4B77-9F64-AC364BC55EE1}.Release|x64.ActiveCfg = Release|x64
		{71065F2D-437D-4B77-9F64-AC364BC55EE1}.Release|x64.Build.0 = Release|x64
		{71065F2D-437D-4B77-9F64-AC364BC55EE1}.Release|x86.ActiveCfg = Release|Win32
		{71065F2D-437D-4B77-9F64-AC364BC55EE1}.Release|x86.Build.0 = Release|Win32
		{6DAF2B9F-ADDA-48F9-B49C-54807B910128}.Debug|x64.ActiveCfg = Debug|x64
		{6DAF2B9F-ADDA-48F9-B49C-54807B910128}.Debug|x64.Build.0 = Debug|x64
		{6DAF2B9F-ADDA-48F9-B49C-54807B910128}.Debug|x86.ActiveCfg = Debug|Win32
		{6DAF2B9F-ADDA-48F9-B49C-54807B910128}.Debug|x86.Build.0 = Debug|Win32
		{6DAF2B9F-ADDA-48F9-B49C-54807B910128}.Release|x64.ActiveCfg = Release|x64
		{6DAF2B9F-ADDA-48F9-B49C-54807B910128}.Release|x64.Build.0 = Release|x64
		{6DAF2B9F-ADDA-48F9-B49C-54807B910128}.Release|x86.ActiveCfg = Release|Win32
		{6DAF2B9F-ADDA-48F9-B49C-54807B910128}.Release|x86.Build.0 = Release|Win32
		{6F404839-6663-4BAB-B686-D2F571A74BF2}.Debug|x64.ActiveCfg = Debug|x64
		{6F404839-6663-4BAB-B686-D2F571A74BF2}.Debug|x64.Build.0 = Debug|x64
		{6F404839-6663-4BAB-B686-D2F571A74BF2}.Debug|x86.ActiveCfg = Debug|Win32
		{6F404839-6663-4BAB-B686-D2F571A74BF2}.Debug|x86.Build.0 = Debug|Win32
		{6F404839-6663-4BAB-B686-D2F571A74BF2}.Release|x64.ActiveCfg = Release|x64
		{6F404839-6663-4BAB-B686-D2F571A74BF2}.Release|x64.Build.0 = Release|x64
		{6F404839-6663-4BAB-B686-D2F571A74BF2}.Release|x86.ActiveCfg = Release|Win32
		{6F404839-6663-4BAB-B686-D2F571A74BF2}.Release|x86.Build.0 = Release|Win32
		{F44214FC-682E-4CFD-9A3A-84638172BF33}.Debug|x64.ActiveCfg = Debug|x64
		{F44214FC-682E-4CFD-9A3A-84638172BF33}.Debug|x64.Build.0 = Debug|x64
		{F44214FC-682E-4CFD-9A3A-84638172BF33}.Debug|x86.ActiveCfg = Debug|Win32
		{F44214FC-682E-4CFD-9A3A-84638172BF33}.Debug|x86.Build.0 = Debug|Win32
		{F44214FC-682E-4CFD-9A3A-84638172BF33}.Release|x64.ActiveCfg = Release|x64
		{F44214FC-682E-4CFD-9A3A-84638172BF33}.Release|x64.Build.0 = Release|x64
		{F44214FC-682E-4CFD-9A3A-84638172BF33}.Release|x86.ActiveCfg = Release|Win32
		{F44214FC-682E-4CFD-9A3A-84638172BF33}.Release|x86.Build.0 = Release|Win32
		{E362FA84-F233-4336-99B5-CDA0545D541C}.Debug|x64.ActiveCfg = Debug|x64
		{E362FA84-F233-4336-99B5-CDA0545D541C}.Debug|x64.Build.0 = Debug|x64
		{E362FA84-F233-4336-99B5-CDA0545D541C}.Debug|x86.ActiveCfg = Debug|Win32
		{E362FA84-F233-4336-99B5-CDA0545D541C}.Debug|x86.Build.0 = Debug|Win32
		{E362FA84-F233-4336-99B5-CDA0545D541C}.Release|x64.ActiveCfg = Release|x64
		{E362FA84-F233-4336-99B5-CDA0545D541C}.Release|x64.Build.0 = Release|x64
		{E362FA84-F233-4336-99B5-CDA0545D541C}.Release|x86.ActiveCfg = Release|Win32
		{E362FA84-F233-4336-99B5-CDA0545D541C}.Release|x86.Build.0 = Release|Win32
	EndGlobalSection
	GlobalSection(SolutionProperties) = preSolution
		HideSolutionNode = FALSE
	EndGlobalSection
	GlobalSection(NestedProjects) = preSolution
		{E84D829E-5ED8-4878-9A65-B242211766CA} = {C5BC661C-0075-4CA8-9BE2-BB6E2A2ABC92}
		{9FD18DCF-E1BF-4538-8E29-9DB87DC43861} = {C5BC661C-0075-4CA8-9BE2-BB6E2A2ABC92}
		{00FF77C7-8AA2-474A-8821-E5D5C4858BBC} = {6EFFA39A-05FE-4D40-A796-BF7F6F2132E1}
		{5451D602-6891-4541-AD57-7BD59A9EA6C1} = {00FF77C7-8AA2-474A-8821-E5D5C4858BBC}
		{1DD13D5D-C912-42F9-A8F3-4BB42AB4DDB5} = {5451D602-6891-4541-AD57-7BD59A9EA6C1}
		{C4DF016C-C3BF-4738-8CD8-55E7DC1745CE} = {6EFFA39A-05FE-4D40-A796-BF7F6F2132E1}
		{4BB72FC5-201B-4B9E-B95D-5E1AD8A435BF} = {5451D602-6891-4541-AD57-7BD59A9EA6C1}
		{C886D980-6DBC-4B4D-B567-A6C853ED3BA9} = {5451D602-6891-4541-AD57-7BD59A9EA6C1}
		{73BAAED5-E332-47E7-99FD-EDDBC2F77007} = {5451D602-6891-4541-AD57-7BD59A9EA6C1}
		{07A2C5F2-1217-4AE3-AD95-682414020B4E} = {5CE44020-1D1F-4450-AF1B-72902E8CF4F5}
		{CF73649E-9C64-4DBF-86E3-08CA94571D9C} = {5451D602-6891-4541-AD57-7BD59A9EA6C1}
		{A8C5FCD4-A552-44EB-8F7E-2AE2919CEA9F} = {5BF00369-5BBC-4A9F-8497-D00E3DECAAE6}
		{340F3012-0077-4233-BA27-7EF416DD5BED} = {C4DF016C-C3BF-4738-8CD8-55E7DC1745CE}
		{38555DA7-59C9-4D4B-B8CD-CD76DCE13008} = {C4DF016C-C3BF-4738-8CD8-55E7DC1745CE}
		{7D93A4A9-6439-484A-BE72-337A390BF5BD} = {00FF77C7-8AA2-474A-8821-E5D5C4858BBC}
		{79932E2E-780E-47FC-98C7-06A307260B17} = {5CE44020-1D1F-4450-AF1B-72902E8CF4F5}
		{75B055A5-5B3A-4DFB-A4BF-F81704C41A1E} = {5CE44020-1D1F-4450-AF1B-72902E8CF4F5}
		{10753690-7ACD-4DC5-94DC-9C06B3B6E3A2} = {5CE44020-1D1F-4450-AF1B-72902E8CF4F5}
		{FC0FA0FC-5D8B-4DA7-B86C-DA40809CADAF} = {5CE44020-1D1F-4450-AF1B-72902E8CF4F5}
		{B0124D01-9042-472D-811B-78393B2C1231} = {5CE44020-1D1F-4450-AF1B-72902E8CF4F5}
		{FACCF449-D0AB-4643-8F99-87DE1A45A058} = {5BF00369-5BBC-4A9F-8497-D00E3DECAAE6}
		{8D54CFF3-9242-4681-8F5E-9CA54A0ECEBB} = {5CE44020-1D1F-4450-AF1B-72902E8CF4F5}
		{F3226C41-BE11-47AB-90DC-DBBA87990172} = {5451D602-6891-4541-AD57-7BD59A9EA6C1}
		{51E720CC-E020-49B0-A22F-8CBA33CB6E23} = {5451D602-6891-4541-AD57-7BD59A9EA6C1}
		{054299DB-365A-49EE-B402-D916950DF1D1} = {5451D602-6891-4541-AD57-7BD59A9EA6C1}
		{772D20B4-FD28-488C-90FF-50A70822C6A0} = {5451D602-6891-4541-AD57-7BD59A9EA6C1}
		{30993528-080A-4554-8CCB-E801DAF251CE} = {5451D602-6891-4541-AD57-7BD59A9EA6C1}
		{18BA1245-5DEB-42CB-8E58-F6BFFFCFB3B3} = {00FF77C7-8AA2-474A-8821-E5D5C4858BBC}
		{132AB245-1933-482B-836F-EC89C5C70D17} = {18BA1245-5DEB-42CB-8E58-F6BFFFCFB3B3}
		{BB7503BE-082A-44A5-8978-3F006482475B} = {5BF00369-5BBC-4A9F-8497-D00E3DECAAE6}
		{40D1BD04-2CB4-4946-AA04-EFAAE947DC9E} = {C4DF016C-C3BF-4738-8CD8-55E7DC1745CE}
		{71065F2D-437D-4B77-9F64-AC364BC55EE1} = {5451D602-6891-4541-AD57-7BD59A9EA6C1}
		{6DAF2B9F-ADDA-48F9-B49C-54807B910128} = {5451D602-6891-4541-AD57-7BD59A9EA6C1}
		{6F404839-6663-4BAB-B686-D2F571A74BF2} = {5451D602-6891-4541-AD57-7BD59A9EA6C1}
		{F44214FC-682E-4CFD-9A3A-84638172BF33} = {5451D602-6891-4541-AD57-7BD59A9EA6C1}
		{E362FA84-F233-4336-99B5-CDA0545D541C} = {18BA1245-5DEB-42CB-8E58-F6BFFFCFB3B3}
	EndGlobalSection
	GlobalSection(ExtensibilityGlobals) = postSolution
		SolutionGuid = {8D8600AF-059B-4036-AFC0-F6769C6EBB6F}
	EndGlobalSection
EndGlobal
